
Microsoft Visual Studio Solution File, Format Version 12.00
# Visual Studio Version 17
VisualStudioVersion = 17.0.31903.59
MinimumVisualStudioVersion = 10.0.40219.1
Project("{FAE04EC0-301F-11D3-BF4B-00C04F79EFBC}") = "Lab5.Gui", "Lab5.Gui\Lab5.Gui.csproj", "{AC5E785A-FACA-4C35-8B70-81D20E965356}"
EndProject
Project("{FAE04EC0-301F-11D3-BF4B-00C04F79EFBC}") = "Lab5.Worker.Tpl", "Lab5.Worker.Tpl\Lab5.Worker.Tpl.csproj", "{5299640F-95C8-4129-BEAB-BADEEB17B38D}"
EndProject
Project("{FAE04EC0-301F-11D3-BF4B-00C04F79EFBC}") = "Lab5.Worker.ThreadPool", "Lab5.Worker.ThreadPool\Lab5.Worker.ThreadPool.csproj", "{B4EA8A22-EC76-43F5-ABFE-848F2B7B6C70}"
EndProject
Global
	GlobalSection(SolutionConfigurationPlatforms) = preSolution
		Debug|Any CPU = Debug|Any CPU
		Debug|x64 = Debug|x64
		Debug|x86 = Debug|x86
		Release|Any CPU = Release|Any CPU
		Release|x64 = Release|x64
		Release|x86 = Release|x86
	EndGlobalSection
	GlobalSection(ProjectConfigurationPlatforms) = postSolution
		{AC5E785A-FACA-4C35-8B70-81D20E965356}.Debug|Any CPU.ActiveCfg = Debug|Any CPU
		{AC5E785A-FACA-4C35-8B70-81D20E965356}.Debug|Any CPU.Build.0 = Debug|Any CPU
		{AC5E785A-FACA-4C35-8B70-81D20E965356}.Debug|x64.ActiveCfg = Debug|Any CPU
		{AC5E785A-FACA-4C35-8B70-81D20E965356}.Debug|x64.Build.0 = Debug|Any CPU
		{AC5E785A-FACA-4C35-8B70-81D20E965356}.Debug|x86.ActiveCfg = Debug|Any CPU
		{AC5E785A-FACA-4C35-8B70-81D20E965356}.Debug|x86.Build.0 = Debug|Any CPU
		{AC5E785A-FACA-4C35-8B70-81D20E965356}.Release|Any CPU.ActiveCfg = Release|Any CPU
		{AC5E785A-FACA-4C35-8B70-81D20E965356}.Release|Any CPU.Build.0 = Release|Any CPU
		{AC5E785A-FACA-4C35-8B70-81D20E965356}.Release|x64.ActiveCfg = Release|Any CPU
		{AC5E785A-FACA-4C35-8B70-81D20E965356}.Release|x64.Build.0 = Release|Any CPU
		{AC5E785A-FACA-4C35-8B70-81D20E965356}.Release|x86.ActiveCfg = Release|Any CPU
		{AC5E785A-FACA-4C35-8B70-81D20E965356}.Release|x86.Build.0 = Release|Any CPU
		{5299640F-95C8-4129-BEAB-BADEEB17B38D}.Debug|Any CPU.ActiveCfg = Debug|Any CPU
		{5299640F-95C8-4129-BEAB-BADEEB17B38D}.Debug|Any CPU.Build.0 = Debug|Any CPU
		{5299640F-95C8-4129-BEAB-BADEEB17B38D}.Debug|x64.ActiveCfg = Debug|Any CPU
		{5299640F-95C8-4129-BEAB-BADEEB17B38D}.Debug|x64.Build.0 = Debug|Any CPU
		{5299640F-95C8-4129-BEAB-BADEEB17B38D}.Debug|x86.ActiveCfg = Debug|Any CPU
		{5299640F-95C8-4129-BEAB-BADEEB17B38D}.Debug|x86.Build.0 = Debug|Any CPU
		{5299640F-95C8-4129-BEAB-BADEEB17B38D}.Release|Any CPU.ActiveCfg = Release|Any CPU
		{5299640F-95C8-4129-BEAB-BADEEB17B38D}.Release|Any CPU.Build.0 = Release|Any CPU
		{5299640F-95C8-4129-BEAB-BADEEB17B38D}.Release|x64.ActiveCfg = Release|Any CPU
		{5299640F-95C8-4129-BEAB-BADEEB17B38D}.Release|x64.Build.0 = Release|Any CPU
		{5299640F-95C8-4129-BEAB-BADEEB17B38D}.Release|x86.ActiveCfg = Release|Any CPU
		{5299640F-95C8-4129-BEAB-BADEEB17B38D}.Release|x86.Build.0 = Release|Any CPU
		{B4EA8A22-EC76-43F5-ABFE-848F2B7B6C70}.Debug|Any CPU.ActiveCfg = Debug|Any CPU
		{B4EA8A22-EC76-43F5-ABFE-848F2B7B6C70}.Debug|Any CPU.Build.0 = Debug|Any CPU
		{B4EA8A22-EC76-43F5-ABFE-848F2B7B6C70}.Debug|x64.ActiveCfg = Debug|Any CPU
		{B4EA8A22-EC76-43F5-ABFE-848F2B7B6C70}.Debug|x64.Build.0 = Debug|Any CPU
		{B4EA8A22-EC76-43F5-ABFE-848F2B7B6C70}.Debug|x86.ActiveCfg = Debug|Any CPU
		{B4EA8A22-EC76-43F5-ABFE-848F2B7B6C70}.Debug|x86.Build.0 = Debug|Any CPU
		{B4EA8A22-EC76-43F5-ABFE-848F2B7B6C70}.Release|Any CPU.ActiveCfg = Release|Any CPU
		{B4EA8A22-EC76-43F5-ABFE-848F2B7B6C70}.Release|Any CPU.Build.0 = Release|Any CPU
		{B4EA8A22-EC76-43F5-ABFE-848F2B7B6C70}.Release|x64.ActiveCfg = Release|Any CPU
		{B4EA8A22-EC76-43F5-ABFE-848F2B7B6C70}.Release|x64.Build.0 = Release|Any CPU
		{B4EA8A22-EC76-43F5-ABFE-848F2B7B6C70}.Release|x86.ActiveCfg = Release|Any CPU
		{B4EA8A22-EC76-43F5-ABFE-848F2B7B6C70}.Release|x86.Build.0 = Release|Any CPU
	EndGlobalSection
	GlobalSection(SolutionProperties) = preSolution
		HideSolutionNode = FALSE
	EndGlobalSection
EndGlobal
